// !$*UTF8*$!
{
	archiveVersion = 1;
	classes = {
	};
	objectVersion = 55;
	objects = {

/* Begin PBXBuildFile section */
		03A295BE292DBDE700CEFFA5 /* AppDelegate.swift in Sources */ = {isa = PBXBuildFile; fileRef = 03A295BD292DBDE700CEFFA5 /* AppDelegate.swift */; };
		03A295C0292DBDE700CEFFA5 /* SceneDelegate.swift in Sources */ = {isa = PBXBuildFile; fileRef = 03A295BF292DBDE700CEFFA5 /* SceneDelegate.swift */; };
		03A295C2292DBDE700CEFFA5 /* RootViewController.swift in Sources */ = {isa = PBXBuildFile; fileRef = 03A295C1292DBDE700CEFFA5 /* RootViewController.swift */; };
		03A295C5292DBDE700CEFFA5 /* Main.storyboard in Resources */ = {isa = PBXBuildFile; fileRef = 03A295C3292DBDE700CEFFA5 /* Main.storyboard */; };
		03A295C7292DBDE800CEFFA5 /* Assets.xcassets in Resources */ = {isa = PBXBuildFile; fileRef = 03A295C6292DBDE800CEFFA5 /* Assets.xcassets */; };
		03A295CA292DBDE800CEFFA5 /* LaunchScreen.storyboard in Resources */ = {isa = PBXBuildFile; fileRef = 03A295C8292DBDE800CEFFA5 /* LaunchScreen.storyboard */; };
		03A295D5292DBDE800CEFFA5 /* NASAImagesAndVideoTests.swift in Sources */ = {isa = PBXBuildFile; fileRef = 03A295D4292DBDE800CEFFA5 /* NASAImagesAndVideoTests.swift */; };
		03A295DF292DBDE800CEFFA5 /* NASAImagesAndVideoUITests.swift in Sources */ = {isa = PBXBuildFile; fileRef = 03A295DE292DBDE800CEFFA5 /* NASAImagesAndVideoUITests.swift */; };
		03A295E1292DBDE800CEFFA5 /* NASAImagesAndVideoUITestsLaunchTests.swift in Sources */ = {isa = PBXBuildFile; fileRef = 03A295E0292DBDE800CEFFA5 /* NASAImagesAndVideoUITestsLaunchTests.swift */; };
		03F3B2C0292DDA6800DC0FC2 /* NASAImagesAndVideosCollectionViewController.swift in Sources */ = {isa = PBXBuildFile; fileRef = 03F3B2BF292DDA6800DC0FC2 /* NASAImagesAndVideosCollectionViewController.swift */; };
		7772BD7B5CC0D834B868D24D /* Pods_NASAImagesAndVideo.framework in Frameworks */ = {isa = PBXBuildFile; fileRef = 5FCC523EFFFB8722A1D85BD7 /* Pods_NASAImagesAndVideo.framework */; };
/* End PBXBuildFile section */

/* Begin PBXContainerItemProxy section */
		03A295D1292DBDE800CEFFA5 /* PBXContainerItemProxy */ = {
			isa = PBXContainerItemProxy;
			containerPortal = 03A295B2292DBDE700CEFFA5 /* Project object */;
			proxyType = 1;
			remoteGlobalIDString = 03A295B9292DBDE700CEFFA5;
			remoteInfo = NASAImagesAndVideo;
		};
		03A295DB292DBDE800CEFFA5 /* PBXContainerItemProxy */ = {
			isa = PBXContainerItemProxy;
			containerPortal = 03A295B2292DBDE700CEFFA5 /* Project object */;
			proxyType = 1;
			remoteGlobalIDString = 03A295B9292DBDE700CEFFA5;
			remoteInfo = NASAImagesAndVideo;
		};
/* End PBXContainerItemProxy section */

/* Begin PBXFileReference section */
		03A295BA292DBDE700CEFFA5 /* NASAImagesAndVideo.app */ = {isa = PBXFileReference; explicitFileType = wrapper.application; includeInIndex = 0; path = NASAImagesAndVideo.app; sourceTree = BUILT_PRODUCTS_DIR; };
		03A295BD292DBDE700CEFFA5 /* AppDelegate.swift */ = {isa = PBXFileReference; lastKnownFileType = sourcecode.swift; path = AppDelegate.swift; sourceTree = "<group>"; };
		03A295BF292DBDE700CEFFA5 /* SceneDelegate.swift */ = {isa = PBXFileReference; lastKnownFileType = sourcecode.swift; path = SceneDelegate.swift; sourceTree = "<group>"; };
		03A295C1292DBDE700CEFFA5 /* RootViewController.swift */ = {isa = PBXFileReference; lastKnownFileType = sourcecode.swift; path = RootViewController.swift; sourceTree = "<group>"; };
		03A295C4292DBDE700CEFFA5 /* Base */ = {isa = PBXFileReference; lastKnownFileType = file.storyboard; name = Base; path = Base.lproj/Main.storyboard; sourceTree = "<group>"; };
		03A295C6292DBDE800CEFFA5 /* Assets.xcassets */ = {isa = PBXFileReference; lastKnownFileType = folder.assetcatalog; path = Assets.xcassets; sourceTree = "<group>"; };
		03A295C9292DBDE800CEFFA5 /* Base */ = {isa = PBXFileReference; lastKnownFileType = file.storyboard; name = Base; path = Base.lproj/LaunchScreen.storyboard; sourceTree = "<group>"; };
		03A295CB292DBDE800CEFFA5 /* Info.plist */ = {isa = PBXFileReference; lastKnownFileType = text.plist.xml; path = Info.plist; sourceTree = "<group>"; };
		03A295D0292DBDE800CEFFA5 /* NASAImagesAndVideoTests.xctest */ = {isa = PBXFileReference; explicitFileType = wrapper.cfbundle; includeInIndex = 0; path = NASAImagesAndVideoTests.xctest; sourceTree = BUILT_PRODUCTS_DIR; };
		03A295D4292DBDE800CEFFA5 /* NASAImagesAndVideoTests.swift */ = {isa = PBXFileReference; lastKnownFileType = sourcecode.swift; path = NASAImagesAndVideoTests.swift; sourceTree = "<group>"; };
		03A295DA292DBDE800CEFFA5 /* NASAImagesAndVideoUITests.xctest */ = {isa = PBXFileReference; explicitFileType = wrapper.cfbundle; includeInIndex = 0; path = NASAImagesAndVideoUITests.xctest; sourceTree = BUILT_PRODUCTS_DIR; };
		03A295DE292DBDE800CEFFA5 /* NASAImagesAndVideoUITests.swift */ = {isa = PBXFileReference; lastKnownFileType = sourcecode.swift; path = NASAImagesAndVideoUITests.swift; sourceTree = "<group>"; };
		03A295E0292DBDE800CEFFA5 /* NASAImagesAndVideoUITestsLaunchTests.swift */ = {isa = PBXFileReference; lastKnownFileType = sourcecode.swift; path = NASAImagesAndVideoUITestsLaunchTests.swift; sourceTree = "<group>"; };
		03F3B2BF292DDA6800DC0FC2 /* NASAImagesAndVideosCollectionViewController.swift */ = {isa = PBXFileReference; lastKnownFileType = sourcecode.swift; path = NASAImagesAndVideosCollectionViewController.swift; sourceTree = "<group>"; };
		28963AC8B5A5160BB1270B98 /* Pods-NASAImagesAndVideo.release.xcconfig */ = {isa = PBXFileReference; includeInIndex = 1; lastKnownFileType = text.xcconfig; name = "Pods-NASAImagesAndVideo.release.xcconfig"; path = "Target Support Files/Pods-NASAImagesAndVideo/Pods-NASAImagesAndVideo.release.xcconfig"; sourceTree = "<group>"; };
		5FCC523EFFFB8722A1D85BD7 /* Pods_NASAImagesAndVideo.framework */ = {isa = PBXFileReference; explicitFileType = wrapper.framework; includeInIndex = 0; path = Pods_NASAImagesAndVideo.framework; sourceTree = BUILT_PRODUCTS_DIR; };
		E2A72649216D4FEAD54D2316 /* Pods-NASAImagesAndVideo.debug.xcconfig */ = {isa = PBXFileReference; includeInIndex = 1; lastKnownFileType = text.xcconfig; name = "Pods-NASAImagesAndVideo.debug.xcconfig"; path = "Target Support Files/Pods-NASAImagesAndVideo/Pods-NASAImagesAndVideo.debug.xcconfig"; sourceTree = "<group>"; };
/* End PBXFileReference section */

/* Begin PBXFrameworksBuildPhase section */
		03A295B7292DBDE700CEFFA5 /* Frameworks */ = {
			isa = PBXFrameworksBuildPhase;
			buildActionMask = 2147483647;
			files = (
				7772BD7B5CC0D834B868D24D /* Pods_NASAImagesAndVideo.framework in Frameworks */,
			);
			runOnlyForDeploymentPostprocessing = 0;
		};
		03A295CD292DBDE800CEFFA5 /* Frameworks */ = {
			isa = PBXFrameworksBuildPhase;
			buildActionMask = 2147483647;
			files = (
			);
			runOnlyForDeploymentPostprocessing = 0;
		};
		03A295D7292DBDE800CEFFA5 /* Frameworks */ = {
			isa = PBXFrameworksBuildPhase;
			buildActionMask = 2147483647;
			files = (
			);
			runOnlyForDeploymentPostprocessing = 0;
		};
/* End PBXFrameworksBuildPhase section */

/* Begin PBXGroup section */
		03A295B1292DBDE700CEFFA5 = {
			isa = PBXGroup;
			children = (
				03A295BC292DBDE700CEFFA5 /* NASAImagesAndVideo */,
				03A295D3292DBDE800CEFFA5 /* NASAImagesAndVideoTests */,
				03A295DD292DBDE800CEFFA5 /* NASAImagesAndVideoUITests */,
				03A295BB292DBDE700CEFFA5 /* Products */,
				C74C2A539E1F8447FB45DF76 /* Pods */,
				0AEB66F48DC1AE338D75136E /* Frameworks */,
			);
			sourceTree = "<group>";
		};
		03A295BB292DBDE700CEFFA5 /* Products */ = {
			isa = PBXGroup;
			children = (
				03A295BA292DBDE700CEFFA5 /* NASAImagesAndVideo.app */,
				03A295D0292DBDE800CEFFA5 /* NASAImagesAndVideoTests.xctest */,
				03A295DA292DBDE800CEFFA5 /* NASAImagesAndVideoUITests.xctest */,
			);
			name = Products;
			sourceTree = "<group>";
		};
		03A295BC292DBDE700CEFFA5 /* NASAImagesAndVideo */ = {
			isa = PBXGroup;
			children = (
				03A295BD292DBDE700CEFFA5 /* AppDelegate.swift */,
				03A295BF292DBDE700CEFFA5 /* SceneDelegate.swift */,
				03A295C1292DBDE700CEFFA5 /* RootViewController.swift */,
				03F3B2BF292DDA6800DC0FC2 /* NASAImagesAndVideosCollectionViewController.swift */,
				03A295C3292DBDE700CEFFA5 /* Main.storyboard */,
				03A295C6292DBDE800CEFFA5 /* Assets.xcassets */,
				03A295C8292DBDE800CEFFA5 /* LaunchScreen.storyboard */,
				03A295CB292DBDE800CEFFA5 /* Info.plist */,
			);
			path = NASAImagesAndVideo;
			sourceTree = "<group>";
		};
		03A295D3292DBDE800CEFFA5 /* NASAImagesAndVideoTests */ = {
			isa = PBXGroup;
			children = (
				03A295D4292DBDE800CEFFA5 /* NASAImagesAndVideoTests.swift */,
			);
			path = NASAImagesAndVideoTests;
			sourceTree = "<group>";
		};
		03A295DD292DBDE800CEFFA5 /* NASAImagesAndVideoUITests */ = {
			isa = PBXGroup;
			children = (
				03A295DE292DBDE800CEFFA5 /* NASAImagesAndVideoUITests.swift */,
				03A295E0292DBDE800CEFFA5 /* NASAImagesAndVideoUITestsLaunchTests.swift */,
			);
			path = NASAImagesAndVideoUITests;
			sourceTree = "<group>";
		};
		0AEB66F48DC1AE338D75136E /* Frameworks */ = {
			isa = PBXGroup;
			children = (
				5FCC523EFFFB8722A1D85BD7 /* Pods_NASAImagesAndVideo.framework */,
			);
			name = Frameworks;
			sourceTree = "<group>";
		};
		C74C2A539E1F8447FB45DF76 /* Pods */ = {
			isa = PBXGroup;
			children = (
				E2A72649216D4FEAD54D2316 /* Pods-NASAImagesAndVideo.debug.xcconfig */,
				28963AC8B5A5160BB1270B98 /* Pods-NASAImagesAndVideo.release.xcconfig */,
			);
			path = Pods;
			sourceTree = "<group>";
		};
/* End PBXGroup section */

/* Begin PBXNativeTarget section */
		03A295B9292DBDE700CEFFA5 /* NASAImagesAndVideo */ = {
			isa = PBXNativeTarget;
			buildConfigurationList = 03A295E4292DBDE800CEFFA5 /* Build configuration list for PBXNativeTarget "NASAImagesAndVideo" */;
			buildPhases = (
				7E7E7BA5CA1A07A2530FE7F9 /* [CP] Check Pods Manifest.lock */,
				03A295B6292DBDE700CEFFA5 /* Sources */,
				03A295B7292DBDE700CEFFA5 /* Frameworks */,
				03A295B8292DBDE700CEFFA5 /* Resources */,
				0F2419A2045D71BB98E0B452 /* [CP] Embed Pods Frameworks */,
			);
			buildRules = (
			);
			dependencies = (
			);
			name = NASAImagesAndVideo;
			productName = NASAImagesAndVideo;
			productReference = 03A295BA292DBDE700CEFFA5 /* NASAImagesAndVideo.app */;
			productType = "com.apple.product-type.application";
		};
		03A295CF292DBDE800CEFFA5 /* NASAImagesAndVideoTests */ = {
			isa = PBXNativeTarget;
			buildConfigurationList = 03A295E7292DBDE800CEFFA5 /* Build configuration list for PBXNativeTarget "NASAImagesAndVideoTests" */;
			buildPhases = (
				03A295CC292DBDE800CEFFA5 /* Sources */,
				03A295CD292DBDE800CEFFA5 /* Frameworks */,
				03A295CE292DBDE800CEFFA5 /* Resources */,
			);
			buildRules = (
			);
			dependencies = (
				03A295D2292DBDE800CEFFA5 /* PBXTargetDependency */,
			);
			name = NASAImagesAndVideoTests;
			productName = NASAImagesAndVideoTests;
			productReference = 03A295D0292DBDE800CEFFA5 /* NASAImagesAndVideoTests.xctest */;
			productType = "com.apple.product-type.bundle.unit-test";
		};
		03A295D9292DBDE800CEFFA5 /* NASAImagesAndVideoUITests */ = {
			isa = PBXNativeTarget;
			buildConfigurationList = 03A295EA292DBDE800CEFFA5 /* Build configuration list for PBXNativeTarget "NASAImagesAndVideoUITests" */;
			buildPhases = (
				03A295D6292DBDE800CEFFA5 /* Sources */,
				03A295D7292DBDE800CEFFA5 /* Frameworks */,
				03A295D8292DBDE800CEFFA5 /* Resources */,
			);
			buildRules = (
			);
			dependencies = (
				03A295DC292DBDE800CEFFA5 /* PBXTargetDependency */,
			);
			name = NASAImagesAndVideoUITests;
			productName = NASAImagesAndVideoUITests;
			productReference = 03A295DA292DBDE800CEFFA5 /* NASAImagesAndVideoUITests.xctest */;
			productType = "com.apple.product-type.bundle.ui-testing";
		};
/* End PBXNativeTarget section */

/* Begin PBXProject section */
		03A295B2292DBDE700CEFFA5 /* Project object */ = {
			isa = PBXProject;
			attributes = {
				BuildIndependentTargetsInParallel = 1;
				LastSwiftUpdateCheck = 1410;
				LastUpgradeCheck = 1410;
				TargetAttributes = {
					03A295B9292DBDE700CEFFA5 = {
						CreatedOnToolsVersion = 14.1;
					};
					03A295CF292DBDE800CEFFA5 = {
						CreatedOnToolsVersion = 14.1;
						TestTargetID = 03A295B9292DBDE700CEFFA5;
					};
					03A295D9292DBDE800CEFFA5 = {
						CreatedOnToolsVersion = 14.1;
						TestTargetID = 03A295B9292DBDE700CEFFA5;
					};
				};
			};
			buildConfigurationList = 03A295B5292DBDE700CEFFA5 /* Build configuration list for PBXProject "NASAImagesAndVideo" */;
			compatibilityVersion = "Xcode 13.0";
			developmentRegion = en;
			hasScannedForEncodings = 0;
			knownRegions = (
				en,
				Base,
			);
			mainGroup = 03A295B1292DBDE700CEFFA5;
			productRefGroup = 03A295BB292DBDE700CEFFA5 /* Products */;
			projectDirPath = "";
			projectRoot = "";
			targets = (
				03A295B9292DBDE700CEFFA5 /* NASAImagesAndVideo */,
				03A295CF292DBDE800CEFFA5 /* NASAImagesAndVideoTests */,
				03A295D9292DBDE800CEFFA5 /* NASAImagesAndVideoUITests */,
			);
		};
/* End PBXProject section */

/* Begin PBXResourcesBuildPhase section */
		03A295B8292DBDE700CEFFA5 /* Resources */ = {
			isa = PBXResourcesBuildPhase;
			buildActionMask = 2147483647;
			files = (
				03A295CA292DBDE800CEFFA5 /* LaunchScreen.storyboard in Resources */,
				03A295C7292DBDE800CEFFA5 /* Assets.xcassets in Resources */,
				03A295C5292DBDE700CEFFA5 /* Main.storyboard in Resources */,
			);
			runOnlyForDeploymentPostprocessing = 0;
		};
		03A295CE292DBDE800CEFFA5 /* Resources */ = {
			isa = PBXResourcesBuildPhase;
			buildActionMask = 2147483647;
			files = (
			);
			runOnlyForDeploymentPostprocessing = 0;
		};
		03A295D8292DBDE800CEFFA5 /* Resources */ = {
			isa = PBXResourcesBuildPhase;
			buildActionMask = 2147483647;
			files = (
			);
			runOnlyForDeploymentPostprocessing = 0;
		};
/* End PBXResourcesBuildPhase section */

/* Begin PBXShellScriptBuildPhase section */
		0F2419A2045D71BB98E0B452 /* [CP] Embed Pods Frameworks */ = {
			isa = PBXShellScriptBuildPhase;
			buildActionMask = 2147483647;
			files = (
			);
			inputFileListPaths = (
				"${PODS_ROOT}/Target Support Files/Pods-NASAImagesAndVideo/Pods-NASAImagesAndVideo-frameworks-${CONFIGURATION}-input-files.xcfilelist",
			);
			name = "[CP] Embed Pods Frameworks";
			outputFileListPaths = (
				"${PODS_ROOT}/Target Support Files/Pods-NASAImagesAndVideo/Pods-NASAImagesAndVideo-frameworks-${CONFIGURATION}-output-files.xcfilelist",
			);
			runOnlyForDeploymentPostprocessing = 0;
			shellPath = /bin/sh;
			shellScript = "\"${PODS_ROOT}/Target Support Files/Pods-NASAImagesAndVideo/Pods-NASAImagesAndVideo-frameworks.sh\"\n";
			showEnvVarsInLog = 0;
		};
		7E7E7BA5CA1A07A2530FE7F9 /* [CP] Check Pods Manifest.lock */ = {
			isa = PBXShellScriptBuildPhase;
			buildActionMask = 2147483647;
			files = (
			);
			inputFileListPaths = (
			);
			inputPaths = (
				"${PODS_PODFILE_DIR_PATH}/Podfile.lock",
				"${PODS_ROOT}/Manifest.lock",
			);
			name = "[CP] Check Pods Manifest.lock";
			outputFileListPaths = (
			);
			outputPaths = (
				"$(DERIVED_FILE_DIR)/Pods-NASAImagesAndVideo-checkManifestLockResult.txt",
			);
			runOnlyForDeploymentPostprocessing = 0;
			shellPath = /bin/sh;
			shellScript = "diff \"${PODS_PODFILE_DIR_PATH}/Podfile.lock\" \"${PODS_ROOT}/Manifest.lock\" > /dev/null\nif [ $? != 0 ] ; then\n    # print error to STDERR\n    echo \"error: The sandbox is not in sync with the Podfile.lock. Run 'pod install' or update your CocoaPods installation.\" >&2\n    exit 1\nfi\n# This output is used by Xcode 'outputs' to avoid re-running this script phase.\necho \"SUCCESS\" > \"${SCRIPT_OUTPUT_FILE_0}\"\n";
			showEnvVarsInLog = 0;
		};
/* End PBXShellScriptBuildPhase section */

/* Begin PBXSourcesBuildPhase section */
		03A295B6292DBDE700CEFFA5 /* Sources */ = {
			isa = PBXSourcesBuildPhase;
			buildActionMask = 2147483647;
			files = (
				03A295C2292DBDE700CEFFA5 /* RootViewController.swift in Sources */,
				03F3B2C0292DDA6800DC0FC2 /* NASAImagesAndVideosCollectionViewController.swift in Sources */,
				03A295BE292DBDE700CEFFA5 /* AppDelegate.swift in Sources */,
				03A295C0292DBDE700CEFFA5 /* SceneDelegate.swift in Sources */,
			);
			runOnlyForDeploymentPostprocessing = 0;
		};
		03A295CC292DBDE800CEFFA5 /* Sources */ = {
			isa = PBXSourcesBuildPhase;
			buildActionMask = 2147483647;
			files = (
				03A295D5292DBDE800CEFFA5 /* NASAImagesAndVideoTests.swift in Sources */,
			);
			runOnlyForDeploymentPostprocessing = 0;
		};
		03A295D6292DBDE800CEFFA5 /* Sources */ = {
			isa = PBXSourcesBuildPhase;
			buildActionMask = 2147483647;
			files = (
				03A295DF292DBDE800CEFFA5 /* NASAImagesAndVideoUITests.swift in Sources */,
				03A295E1292DBDE800CEFFA5 /* NASAImagesAndVideoUITestsLaunchTests.swift in Sources */,
			);
			runOnlyForDeploymentPostprocessing = 0;
		};
/* End PBXSourcesBuildPhase section */

/* Begin PBXTargetDependency section */
		03A295D2292DBDE800CEFFA5 /* PBXTargetDependency */ = {
			isa = PBXTargetDependency;
			target = 03A295B9292DBDE700CEFFA5 /* NASAImagesAndVideo */;
			targetProxy = 03A295D1292DBDE800CEFFA5 /* PBXContainerItemProxy */;
		};
		03A295DC292DBDE800CEFFA5 /* PBXTargetDependency */ = {
			isa = PBXTargetDependency;
			target = 03A295B9292DBDE700CEFFA5 /* NASAImagesAndVideo */;
			targetProxy = 03A295DB292DBDE800CEFFA5 /* PBXContainerItemProxy */;
		};
/* End PBXTargetDependency section */

/* Begin PBXVariantGroup section */
		03A295C3292DBDE700CEFFA5 /* Main.storyboard */ = {
			isa = PBXVariantGroup;
			children = (
				03A295C4292DBDE700CEFFA5 /* Base */,
			);
			name = Main.storyboard;
			sourceTree = "<group>";
		};
		03A295C8292DBDE800CEFFA5 /* LaunchScreen.storyboard */ = {
			isa = PBXVariantGroup;
			children = (
				03A295C9292DBDE800CEFFA5 /* Base */,
			);
			name = LaunchScreen.storyboard;
			sourceTree = "<group>";
		};
/* End PBXVariantGroup section */

/* Begin XCBuildConfiguration section */
		03A295E2292DBDE800CEFFA5 /* Debug */ = {
			isa = XCBuildConfiguration;
			buildSettings = {
				ALWAYS_SEARCH_USER_PATHS = NO;
				CLANG_ANALYZER_NONNULL = YES;
				CLANG_ANALYZER_NUMBER_OBJECT_CONVERSION = YES_AGGRESSIVE;
				CLANG_CXX_LANGUAGE_STANDARD = "gnu++20";
				CLANG_ENABLE_MODULES = YES;
				CLANG_ENABLE_OBJC_ARC = YES;
				CLANG_ENABLE_OBJC_WEAK = YES;
				CLANG_WARN_BLOCK_CAPTURE_AUTORELEASING = YES;
				CLANG_WARN_BOOL_CONVERSION = YES;
				CLANG_WARN_COMMA = YES;
				CLANG_WARN_CONSTANT_CONVERSION = YES;
				CLANG_WARN_DEPRECATED_OBJC_IMPLEMENTATIONS = YES;
				CLANG_WARN_DIRECT_OBJC_ISA_USAGE = YES_ERROR;
				CLANG_WARN_DOCUMENTATION_COMMENTS = YES;
				CLANG_WARN_EMPTY_BODY = YES;
				CLANG_WARN_ENUM_CONVERSION = YES;
				CLANG_WARN_INFINITE_RECURSION = YES;
				CLANG_WARN_INT_CONVERSION = YES;
				CLANG_WARN_NON_LITERAL_NULL_CONVERSION = YES;
				CLANG_WARN_OBJC_IMPLICIT_RETAIN_SELF = YES;
				CLANG_WARN_OBJC_LITERAL_CONVERSION = YES;
				CLANG_WARN_OBJC_ROOT_CLASS = YES_ERROR;
				CLANG_WARN_QUOTED_INCLUDE_IN_FRAMEWORK_HEADER = YES;
				CLANG_WARN_RANGE_LOOP_ANALYSIS = YES;
				CLANG_WARN_STRICT_PROTOTYPES = YES;
				CLANG_WARN_SUSPICIOUS_MOVE = YES;
				CLANG_WARN_UNGUARDED_AVAILABILITY = YES_AGGRESSIVE;
				CLANG_WARN_UNREACHABLE_CODE = YES;
				CLANG_WARN__DUPLICATE_METHOD_MATCH = YES;
				COPY_PHASE_STRIP = NO;
				DEBUG_INFORMATION_FORMAT = dwarf;
				ENABLE_STRICT_OBJC_MSGSEND = YES;
				ENABLE_TESTABILITY = YES;
				GCC_C_LANGUAGE_STANDARD = gnu11;
				GCC_DYNAMIC_NO_PIC = NO;
				GCC_NO_COMMON_BLOCKS = YES;
				GCC_OPTIMIZATION_LEVEL = 0;
				GCC_PREPROCESSOR_DEFINITIONS = (
					"DEBUG=1",
					"$(inherited)",
				);
				GCC_WARN_64_TO_32_BIT_CONVERSION = YES;
				GCC_WARN_ABOUT_RETURN_TYPE = YES_ERROR;
				GCC_WARN_UNDECLARED_SELECTOR = YES;
				GCC_WARN_UNINITIALIZED_AUTOS = YES_AGGRESSIVE;
				GCC_WARN_UNUSED_FUNCTION = YES;
				GCC_WARN_UNUSED_VARIABLE = YES;
				IPHONEOS_DEPLOYMENT_TARGET = 16.1;
				MTL_ENABLE_DEBUG_INFO = INCLUDE_SOURCE;
				MTL_FAST_MATH = YES;
				ONLY_ACTIVE_ARCH = YES;
				SDKROOT = iphoneos;
				SWIFT_ACTIVE_COMPILATION_CONDITIONS = DEBUG;
				SWIFT_OPTIMIZATION_LEVEL = "-Onone";
			};
			name = Debug;
		};
		03A295E3292DBDE800CEFFA5 /* Release */ = {
			isa = XCBuildConfiguration;
			buildSettings = {
				ALWAYS_SEARCH_USER_PATHS = NO;
				CLANG_ANALYZER_NONNULL = YES;
				CLANG_ANALYZER_NUMBER_OBJECT_CONVERSION = YES_AGGRESSIVE;
				CLANG_CXX_LANGUAGE_STANDARD = "gnu++20";
				CLANG_ENABLE_MODULES = YES;
				CLANG_ENABLE_OBJC_ARC = YES;
				CLANG_ENABLE_OBJC_WEAK = YES;
				CLANG_WARN_BLOCK_CAPTURE_AUTORELEASING = YES;
				CLANG_WARN_BOOL_CONVERSION = YES;
				CLANG_WARN_COMMA = YES;
				CLANG_WARN_CONSTANT_CONVERSION = YES;
				CLANG_WARN_DEPRECATED_OBJC_IMPLEMENTATIONS = YES;
				CLANG_WARN_DIRECT_OBJC_ISA_USAGE = YES_ERROR;
				CLANG_WARN_DOCUMENTATION_COMMENTS = YES;
				CLANG_WARN_EMPTY_BODY = YES;
				CLANG_WARN_ENUM_CONVERSION = YES;
				CLANG_WARN_INFINITE_RECURSION = YES;
				CLANG_WARN_INT_CONVERSION = YES;
				CLANG_WARN_NON_LITERAL_NULL_CONVERSION = YES;
				CLANG_WARN_OBJC_IMPLICIT_RETAIN_SELF = YES;
				CLANG_WARN_OBJC_LITERAL_CONVERSION = YES;
				CLANG_WARN_OBJC_ROOT_CLASS = YES_ERROR;
				CLANG_WARN_QUOTED_INCLUDE_IN_FRAMEWORK_HEADER = YES;
				CLANG_WARN_RANGE_LOOP_ANALYSIS = YES;
				CLANG_WARN_STRICT_PROTOTYPES = YES;
				CLANG_WARN_SUSPICIOUS_MOVE = YES;
				CLANG_WARN_UNGUARDED_AVAILABILITY = YES_AGGRESSIVE;
				CLANG_WARN_UNREACHABLE_CODE = YES;
				CLANG_WARN__DUPLICATE_METHOD_MATCH = YES;
				COPY_PHASE_STRIP = NO;
				DEBUG_INFORMATION_FORMAT = "dwarf-with-dsym";
				ENABLE_NS_ASSERTIONS = NO;
				ENABLE_STRICT_OBJC_MSGSEND = YES;
				GCC_C_LANGUAGE_STANDARD = gnu11;
				GCC_NO_COMMON_BLOCKS = YES;
				GCC_WARN_64_TO_32_BIT_CONVERSION = YES;
				GCC_WARN_ABOUT_RETURN_TYPE = YES_ERROR;
				GCC_WARN_UNDECLARED_SELECTOR = YES;
				GCC_WARN_UNINITIALIZED_AUTOS = YES_AGGRESSIVE;
				GCC_WARN_UNUSED_FUNCTION = YES;
				GCC_WARN_UNUSED_VARIABLE = YES;
				IPHONEOS_DEPLOYMENT_TARGET = 16.1;
				MTL_ENABLE_DEBUG_INFO = NO;
				MTL_FAST_MATH = YES;
				SDKROOT = iphoneos;
				SWIFT_COMPILATION_MODE = wholemodule;
				SWIFT_OPTIMIZATION_LEVEL = "-O";
				VALIDATE_PRODUCT = YES;
			};
			name = Release;
		};
		03A295E5292DBDE800CEFFA5 /* Debug */ = {
			isa = XCBuildConfiguration;
			baseConfigurationReference = E2A72649216D4FEAD54D2316 /* Pods-NASAImagesAndVideo.debug.xcconfig */;
			buildSettings = {
				ASSETCATALOG_COMPILER_APPICON_NAME = AppIcon;
				ASSETCATALOG_COMPILER_GLOBAL_ACCENT_COLOR_NAME = AccentColor;
				CODE_SIGN_STYLE = Automatic;
				CURRENT_PROJECT_VERSION = 1;
				GENERATE_INFOPLIST_FILE = YES;
				INFOPLIST_FILE = NASAImagesAndVideo/Info.plist;
				INFOPLIST_KEY_UIApplicationSupportsIndirectInputEvents = YES;
				INFOPLIST_KEY_UILaunchStoryboardName = LaunchScreen;
				INFOPLIST_KEY_UIMainStoryboardFile = Main;
				INFOPLIST_KEY_UISupportedInterfaceOrientations_iPad = "UIInterfaceOrientationPortrait UIInterfaceOrientationPortraitUpsideDown UIInterfaceOrientationLandscapeLeft UIInterfaceOrientationLandscapeRight";
				INFOPLIST_KEY_UISupportedInterfaceOrientations_iPhone = "UIInterfaceOrientationPortrait UIInterfaceOrientationLandscapeLeft UIInterfaceOrientationLandscapeRight";
				LD_RUNPATH_SEARCH_PATHS = (
					"$(inherited)",
					"@executable_path/Frameworks",
				);
				MARKETING_VERSION = 1.0;
				PRODUCT_BUNDLE_IDENTIFIER = com.subba.WorkdayInterview.NASAImagesAndVideo;
				PRODUCT_NAME = "$(TARGET_NAME)";
				SWIFT_EMIT_LOC_STRINGS = YES;
				SWIFT_VERSION = 5.0;
				TARGETED_DEVICE_FAMILY = "1,2";
			};
			name = Debug;
		};
		03A295E6292DBDE800CEFFA5 /* Release */ = {
			isa = XCBuildConfiguration;
			baseConfigurationReference = 28963AC8B5A5160BB1270B98 /* Pods-NASAImagesAndVideo.release.xcconfig */;
			buildSettings = {
				ASSETCATALOG_COMPILER_APPICON_NAME = AppIcon;
				ASSETCATALOG_COMPILER_GLOBAL_ACCENT_COLOR_NAME = AccentColor;
				CODE_SIGN_STYLE = Automatic;
				CURRENT_PROJECT_VERSION = 1;
				GENERATE_INFOPLIST_FILE = YES;
				INFOPLIST_FILE = NASAImagesAndVideo/Info.plist;
				INFOPLIST_KEY_UIApplicationSupportsIndirectInputEvents = YES;
				INFOPLIST_KEY_UILaunchStoryboardName = LaunchScreen;
				INFOPLIST_KEY_UIMainStoryboardFile = Main;
				INFOPLIST_KEY_UISupportedInterfaceOrientations_iPad = "UIInterfaceOrientationPortrait UIInterfaceOrientationPortraitUpsideDown UIInterfaceOrientationLandscapeLeft UIInterfaceOrientationLandscapeRight";
				INFOPLIST_KEY_UISupportedInterfaceOrientations_iPhone = "UIInterfaceOrientationPortrait UIInterfaceOrientationLandscapeLeft UIInterfaceOrientationLandscapeRight";
				LD_RUNPATH_SEARCH_PATHS = (
					"$(inherited)",
					"@executable_path/Frameworks",
				);
				MARKETING_VERSION = 1.0;
				PRODUCT_BUNDLE_IDENTIFIER = com.subba.WorkdayInterview.NASAImagesAndVideo;
				PRODUCT_NAME = "$(TARGET_NAME)";
				SWIFT_EMIT_LOC_STRINGS = YES;
				SWIFT_VERSION = 5.0;
				TARGETED_DEVICE_FAMILY = "1,2";
			};
			name = Release;
		};
		03A295E8292DBDE800CEFFA5 /* Debug */ = {
			isa = XCBuildConfiguration;
			buildSettings = {
				ALWAYS_EMBED_SWIFT_STANDARD_LIBRARIES = YES;
				BUNDLE_LOADER = "$(TEST_HOST)";
				CODE_SIGN_STYLE = Automatic;
				CURRENT_PROJECT_VERSION = 1;
				GENERATE_INFOPLIST_FILE = YES;
				IPHONEOS_DEPLOYMENT_TARGET = 16.1;
				MARKETING_VERSION = 1.0;
				PRODUCT_BUNDLE_IDENTIFIER = com.subba.WorkdayInterview.NASAImagesAndVideoTests;
				PRODUCT_NAME = "$(TARGET_NAME)";
				SWIFT_EMIT_LOC_STRINGS = NO;
				SWIFT_VERSION = 5.0;
				TARGETED_DEVICE_FAMILY = "1,2";
				TEST_HOST = "$(BUILT_PRODUCTS_DIR)/NASAImagesAndVideo.app/$(BUNDLE_EXECUTABLE_FOLDER_PATH)/NASAImagesAndVideo";
			};
			name = Debug;
		};
		03A295E9292DBDE800CEFFA5 /* Release */ = {
			isa = XCBuildConfiguration;
			buildSettings = {
				ALWAYS_EMBED_SWIFT_STANDARD_LIBRARIES = YES;
				BUNDLE_LOADER = "$(TEST_HOST)";
				CODE_SIGN_STYLE = Automatic;
				CURRENT_PROJECT_VERSION = 1;
				GENERATE_INFOPLIST_FILE = YES;
				IPHONEOS_DEPLOYMENT_TARGET = 16.1;
				MARKETING_VERSION = 1.0;
				PRODUCT_BUNDLE_IDENTIFIER = com.subba.WorkdayInterview.NASAImagesAndVideoTests;
				PRODUCT_NAME = "$(TARGET_NAME)";
				SWIFT_EMIT_LOC_STRINGS = NO;
				SWIFT_VERSION = 5.0;
				TARGETED_DEVICE_FAMILY = "1,2";
				TEST_HOST = "$(BUILT_PRODUCTS_DIR)/NASAImagesAndVideo.app/$(BUNDLE_EXECUTABLE_FOLDER_PATH)/NASAImagesAndVideo";
			};
			name = Release;
		};
		03A295EB292DBDE800CEFFA5 /* Debug */ = {
			isa = XCBuildConfiguration;
			buildSettings = {
				ALWAYS_EMBED_SWIFT_STANDARD_LIBRARIES = YES;
				CODE_SIGN_STYLE = Automatic;
				CURRENT_PROJECT_VERSION = 1;
				GENERATE_INFOPLIST_FILE = YES;
				MARKETING_VERSION = 1.0;
				PRODUCT_BUNDLE_IDENTIFIER = com.subba.WorkdayInterview.NASAImagesAndVideoUITests;
				PRODUCT_NAME = "$(TARGET_NAME)";
				SWIFT_EMIT_LOC_STRINGS = NO;
				SWIFT_VERSION = 5.0;
				TARGETED_DEVICE_FAMILY = "1,2";
				TEST_TARGET_NAME = NASAImagesAndVideo;
			};
			name = Debug;
		};
		03A295EC292DBDE800CEFFA5 /* Release */ = {
			isa = XCBuildConfiguration;
			buildSettings = {
				ALWAYS_EMBED_SWIFT_STANDARD_LIBRARIES = YES;
				CODE_SIGN_STYLE = Automatic;
				CURRENT_PROJECT_VERSION = 1;
				GENERATE_INFOPLIST_FILE = YES;
				MARKETING_VERSION = 1.0;
				PRODUCT_BUNDLE_IDENTIFIER = com.subba.WorkdayInterview.NASAImagesAndVideoUITests;
				PRODUCT_NAME = "$(TARGET_NAME)";
				SWIFT_EMIT_LOC_STRINGS = NO;
				SWIFT_VERSION = 5.0;
				TARGETED_DEVICE_FAMILY = "1,2";
				TEST_TARGET_NAME = NASAImagesAndVideo;
			};
			name = Release;
		};
/* End XCBuildConfiguration section */

/* Begin XCConfigurationList section */
		03A295B5292DBDE700CEFFA5 /* Build configuration list for PBXProject "NASAImagesAndVideo" */ = {
			isa = XCConfigurationList;
			buildConfigurations = (
				03A295E2292DBDE800CEFFA5 /* Debug */,
				03A295E3292DBDE800CEFFA5 /* Release */,
			);
			defaultConfigurationIsVisible = 0;
			defaultConfigurationName = Release;
		};
		03A295E4292DBDE800CEFFA5 /* Build configuration list for PBXNativeTarget "NASAImagesAndVideo" */ = {
			isa = XCConfigurationList;
			buildConfigurations = (
				03A295E5292DBDE800CEFFA5 /* Debug */,
				03A295E6292DBDE800CEFFA5 /* Release */,
			);
			defaultConfigurationIsVisible = 0;
			defaultConfigurationName = Release;
		};
		03A295E7292DBDE800CEFFA5 /* Build configuration list for PBXNativeTarget "NASAImagesAndVideoTests" */ = {
			isa = XCConfigurationList;
			buildConfigurations = (
				03A295E8292DBDE800CEFFA5 /* Debug */,
				03A295E9292DBDE800CEFFA5 /* Release */,
			);
			defaultConfigurationIsVisible = 0;
			defaultConfigurationName = Release;
		};
		03A295EA292DBDE800CEFFA5 /* Build configuration list for PBXNativeTarget "NASAImagesAndVideoUITests" */ = {
			isa = XCConfigurationList;
			buildConfigurations = (
				03A295EB292DBDE800CEFFA5 /* Debug */,
				03A295EC292DBDE800CEFFA5 /* Release */,
			);
			defaultConfigurationIsVisible = 0;
			defaultConfigurationName = Release;
		};
/* End XCConfigurationList section */
	};
	rootObject = 03A295B2292DBDE700CEFFA5 /* Project object */;
}
